
Microsoft Visual Studio Solution File, Format Version 11.00
# Visual Studio 2010
Project("{FAE04EC0-301F-11D3-BF4B-00C04F79EFBC}") = "3dGAEM", "Assembly-CSharp.csproj", "{52C12BAB-5003-713C-91EF-D1970CBB073A}"
EndProject
Project("{FAE04EC0-301F-11D3-BF4B-00C04F79EFBC}") = "3dGAEM", "Assembly-CSharp-Editor.csproj", "{5A8BF563-391D-B67F-46BE-83E2D95F7D17}"
EndProject
Global
	GlobalSection(SolutionConfigurationPlatforms) = preSolution
		Debug|Any CPU = Debug|Any CPU
		Release|Any CPU = Release|Any CPU
	EndGlobalSection
	GlobalSection(ProjectConfigurationPlatforms) = postSolution
		{52C12BAB-5003-713C-91EF-D1970CBB073A}.Debug|Any CPU.ActiveCfg = Debug|Any CPU
		{52C12BAB-5003-713C-91EF-D1970CBB073A}.Debug|Any CPU.Build.0 = Debug|Any CPU
		{52C12BAB-5003-713C-91EF-D1970CBB073A}.Release|Any CPU.ActiveCfg = Release|Any CPU
		{52C12BAB-5003-713C-91EF-D1970CBB073A}.Release|Any CPU.Build.0 = Release|Any CPU
		{5A8BF563-391D-B67F-46BE-83E2D95F7D17}.Debug|Any CPU.ActiveCfg = Debug|Any CPU
		{5A8BF563-391D-B67F-46BE-83E2D95F7D17}.Debug|Any CPU.Build.0 = Debug|Any CPU
		{5A8BF563-391D-B67F-46BE-83E2D95F7D17}.Release|Any CPU.ActiveCfg = Release|Any CPU
		{5A8BF563-391D-B67F-46BE-83E2D95F7D17}.Release|Any CPU.Build.0 = Release|Any CPU
	EndGlobalSection
	GlobalSection(SolutionProperties) = preSolution
		HideSolutionNode = FALSE
	EndGlobalSection
	GlobalSection(MonoDevelopProperties) = preSolution
		StartupItem = Assembly-CSharp.csproj
	EndGlobalSection
EndGlobal
